Microsoft Visual Studio Solution File, Format Version 12.00
# Visual Studio Version 17
VisualStudioVersion = 17.5.2.0
MinimumVisualStudioVersion = 10.0.40219.1
Project("{FAE04EC0-301F-11D3-BF4B-00C04F79EFBC}") = "dockerize-aspNetCore-jwt-api", "dockerize-aspNetCore-jwt-api.csproj", "{A874D767-4FD7-D409-0BD4-30DAC6E7A86B}"
EndProject
Global
	GlobalSection(SolutionConfigurationPlatforms) = preSolution
		Debug|Any CPU = Debug|Any CPU
		Release|Any CPU = Release|Any CPU
	EndGlobalSection
	GlobalSection(ProjectConfigurationPlatforms) = postSolution
		{A874D767-4FD7-D409-0BD4-30DAC6E7A86B}.Debug|Any CPU.ActiveCfg = Debug|Any CPU
		{A874D767-4FD7-D409-0BD4-30DAC6E7A86B}.Debug|Any CPU.Build.0 = Debug|Any CPU
		{A874D767-4FD7-D409-0BD4-30DAC6E7A86B}.Release|Any CPU.ActiveCfg = Release|Any CPU
		{A874D767-4FD7-D409-0BD4-30DAC6E7A86B}.Release|Any CPU.Build.0 = Release|Any CPU
	EndGlobalSection
	GlobalSection(SolutionProperties) = preSolution
		HideSolutionNode = FALSE
	EndGlobalSection
	GlobalSection(ExtensibilityGlobals) = postSolution
		SolutionGuid = {1BF0C9D9-EA3E-4A46-B4F1-DD89AEFF278C}
	EndGlobalSection
EndGlobal
